
Microsoft Visual Studio Solution File, Format Version 12.00
# Visual Studio Version 17
VisualStudioVersion = 17.9.34723.18
MinimumVisualStudioVersion = 10.0.40219.1
Project("{FAE04EC0-301F-11D3-BF4B-00C04F79EFBC}") = "Exercicio4", "Exercicio4\Exercicio4.csproj", "{61129693-D997-49B2-B87A-ECA2BF013705}"
EndProject
Global
	GlobalSection(SolutionConfigurationPlatforms) = preSolution
		Debug|Any CPU = Debug|Any CPU
		Release|Any CPU = Release|Any CPU
	EndGlobalSection
	GlobalSection(ProjectConfigurationPlatforms) = postSolution
		{61129693-D997-49B2-B87A-ECA2BF013705}.Debug|Any CPU.ActiveCfg = Debug|Any CPU
		{61129693-D997-49B2-B87A-ECA2BF013705}.Debug|Any CPU.Build.0 = Debug|Any CPU
		{61129693-D997-49B2-B87A-ECA2BF013705}.Release|Any CPU.ActiveCfg = Release|Any CPU
		{61129693-D997-49B2-B87A-ECA2BF013705}.Release|Any CPU.Build.0 = Release|Any CPU
	EndGlobalSection
	GlobalSection(SolutionProperties) = preSolution
		HideSolutionNode = FALSE
	EndGlobalSection
	GlobalSection(ExtensibilityGlobals) = postSolution
		SolutionGuid = {8F34CA2A-EF57-45A9-960A-1DCDDF37E5D1}
	EndGlobalSection
EndGlobal
